// !$*UTF8*$!
{
	archiveVersion = 1;
	classes = {
	};
	objectVersion = 56;
	objects = {

/* Begin PBXBuildFile section */
		0677F7122C2923B700D9CBF9 /* MovieBookingApp.swift in Sources */ = {isa = PBXBuildFile; fileRef = 0677F7112C2923B700D9CBF9 /* MovieBookingApp.swift */; };
		0677F7142C2923B700D9CBF9 /* ContentView.swift in Sources */ = {isa = PBXBuildFile; fileRef = 0677F7132C2923B700D9CBF9 /* ContentView.swift */; };
		0677F7162C2923BA00D9CBF9 /* Assets.xcassets in Resources */ = {isa = PBXBuildFile; fileRef = 0677F7152C2923BA00D9CBF9 /* Assets.xcassets */; };
		0677F7192C2923BA00D9CBF9 /* Preview Assets.xcassets in Resources */ = {isa = PBXBuildFile; fileRef = 0677F7182C2923BA00D9CBF9 /* Preview Assets.xcassets */; };
		0677F7232C292C9D00D9CBF9 /* CircleBackground.swift in Sources */ = {isa = PBXBuildFile; fileRef = 0677F7222C292C9D00D9CBF9 /* CircleBackground.swift */; };
		0677F7252C292CC000D9CBF9 /* StatusUI.swift in Sources */ = {isa = PBXBuildFile; fileRef = 0677F7242C292CC000D9CBF9 /* StatusUI.swift */; };
		0677F7272C292CF200D9CBF9 /* TicketData.swift in Sources */ = {isa = PBXBuildFile; fileRef = 0677F7262C292CF200D9CBF9 /* TicketData.swift */; };
		0677F7292C292D0700D9CBF9 /* PosterData.swift in Sources */ = {isa = PBXBuildFile; fileRef = 0677F7282C292D0700D9CBF9 /* PosterData.swift */; };
		0677F72B2C292D2900D9CBF9 /* TimeButton.swift in Sources */ = {isa = PBXBuildFile; fileRef = 0677F72A2C292D2900D9CBF9 /* TimeButton.swift */; };
		0677F72D2C292D5C00D9CBF9 /* DateButton.swift in Sources */ = {isa = PBXBuildFile; fileRef = 0677F72C2C292D5C00D9CBF9 /* DateButton.swift */; };
		0677F72F2C292D7200D9CBF9 /* CircleButton.swift in Sources */ = {isa = PBXBuildFile; fileRef = 0677F72E2C292D7200D9CBF9 /* CircleButton.swift */; };
		0677F7312C292D8A00D9CBF9 /* RoundButton.swift in Sources */ = {isa = PBXBuildFile; fileRef = 0677F7302C292D8A00D9CBF9 /* RoundButton.swift */; };
		0677F7332C292F4000D9CBF9 /* LargeButton.swift in Sources */ = {isa = PBXBuildFile; fileRef = 0677F7322C292F4000D9CBF9 /* LargeButton.swift */; };
		0677F7352C292F9400D9CBF9 /* utils.swift in Sources */ = {isa = PBXBuildFile; fileRef = 0677F7342C292F9400D9CBF9 /* utils.swift */; };
		0677F7382C29306400D9CBF9 /* TicketView.swift in Sources */ = {isa = PBXBuildFile; fileRef = 0677F7372C29306400D9CBF9 /* TicketView.swift */; };
		0677F73B2C293C8200D9CBF9 /* Ticket.swift in Sources */ = {isa = PBXBuildFile; fileRef = 0677F73A2C293C8200D9CBF9 /* Ticket.swift */; };
		0677F73D2C2977ED00D9CBF9 /* Tickets.swift in Sources */ = {isa = PBXBuildFile; fileRef = 0677F73C2C2977ED00D9CBF9 /* Tickets.swift */; };
		0677F73F2C29809000D9CBF9 /* TabData.swift in Sources */ = {isa = PBXBuildFile; fileRef = 0677F73E2C29809000D9CBF9 /* TabData.swift */; };
		0677F7412C299CC400D9CBF9 /* CustomTabBar.swift in Sources */ = {isa = PBXBuildFile; fileRef = 0677F7402C299CC400D9CBF9 /* CustomTabBar.swift */; };
		0677F7432C29A1CD00D9CBF9 /* HomeView.swift in Sources */ = {isa = PBXBuildFile; fileRef = 0677F7422C29A1CD00D9CBF9 /* HomeView.swift */; };
		0677F7452C29A2B900D9CBF9 /* CustomSearchBar.swift in Sources */ = {isa = PBXBuildFile; fileRef = 0677F7442C29A2B900D9CBF9 /* CustomSearchBar.swift */; };
		0677F7472C29A40500D9CBF9 /* ScrollSection.swift in Sources */ = {isa = PBXBuildFile; fileRef = 0677F7462C29A40500D9CBF9 /* ScrollSection.swift */; };
		0677F7492C29A68300D9CBF9 /* BookingView.swift in Sources */ = {isa = PBXBuildFile; fileRef = 0677F7482C29A68300D9CBF9 /* BookingView.swift */; };
		0677F74B2C29AE0100D9CBF9 /* SeatsView.swift in Sources */ = {isa = PBXBuildFile; fileRef = 0677F74A2C29AE0100D9CBF9 /* SeatsView.swift */; };
/* End PBXBuildFile section */

/* Begin PBXFileReference section */
		0677F70E2C2923B700D9CBF9 /* MovieBooking.app */ = {isa = PBXFileReference; explicitFileType = wrapper.application; includeInIndex = 0; path = MovieBooking.app; sourceTree = BUILT_PRODUCTS_DIR; };
		0677F7112C2923B700D9CBF9 /* MovieBookingApp.swift */ = {isa = PBXFileReference; lastKnownFileType = sourcecode.swift; path = MovieBookingApp.swift; sourceTree = "<group>"; };
		0677F7132C2923B700D9CBF9 /* ContentView.swift */ = {isa = PBXFileReference; lastKnownFileType = sourcecode.swift; path = ContentView.swift; sourceTree = "<group>"; };
		0677F7152C2923BA00D9CBF9 /* Assets.xcassets */ = {isa = PBXFileReference; lastKnownFileType = folder.assetcatalog; path = Assets.xcassets; sourceTree = "<group>"; };
		0677F7182C2923BA00D9CBF9 /* Preview Assets.xcassets */ = {isa = PBXFileReference; lastKnownFileType = folder.assetcatalog; path = "Preview Assets.xcassets"; sourceTree = "<group>"; };
		0677F7222C292C9D00D9CBF9 /* CircleBackground.swift */ = {isa = PBXFileReference; lastKnownFileType = sourcecode.swift; path = CircleBackground.swift; sourceTree = "<group>"; };
		0677F7242C292CC000D9CBF9 /* StatusUI.swift */ = {isa = PBXFileReference; lastKnownFileType = sourcecode.swift; path = StatusUI.swift; sourceTree = "<group>"; };
		0677F7262C292CF200D9CBF9 /* TicketData.swift */ = {isa = PBXFileReference; lastKnownFileType = sourcecode.swift; path = TicketData.swift; sourceTree = "<group>"; };
		0677F7282C292D0700D9CBF9 /* PosterData.swift */ = {isa = PBXFileReference; lastKnownFileType = sourcecode.swift; path = PosterData.swift; sourceTree = "<group>"; };
		0677F72A2C292D2900D9CBF9 /* TimeButton.swift */ = {isa = PBXFileReference; lastKnownFileType = sourcecode.swift; path = TimeButton.swift; sourceTree = "<group>"; };
		0677F72C2C292D5C00D9CBF9 /* DateButton.swift */ = {isa = PBXFileReference; lastKnownFileType = sourcecode.swift; path = DateButton.swift; sourceTree = "<group>"; };
		0677F72E2C292D7200D9CBF9 /* CircleButton.swift */ = {isa = PBXFileReference; lastKnownFileType = sourcecode.swift; path = CircleButton.swift; sourceTree = "<group>"; };
		0677F7302C292D8A00D9CBF9 /* RoundButton.swift */ = {isa = PBXFileReference; lastKnownFileType = sourcecode.swift; path = RoundButton.swift; sourceTree = "<group>"; };
		0677F7322C292F4000D9CBF9 /* LargeButton.swift */ = {isa = PBXFileReference; lastKnownFileType = sourcecode.swift; path = LargeButton.swift; sourceTree = "<group>"; };
		0677F7342C292F9400D9CBF9 /* utils.swift */ = {isa = PBXFileReference; lastKnownFileType = sourcecode.swift; path = utils.swift; sourceTree = "<group>"; };
		0677F7372C29306400D9CBF9 /* TicketView.swift */ = {isa = PBXFileReference; lastKnownFileType = sourcecode.swift; path = TicketView.swift; sourceTree = "<group>"; };
		0677F73A2C293C8200D9CBF9 /* Ticket.swift */ = {isa = PBXFileReference; lastKnownFileType = sourcecode.swift; path = Ticket.swift; sourceTree = "<group>"; };
		0677F73C2C2977ED00D9CBF9 /* Tickets.swift */ = {isa = PBXFileReference; lastKnownFileType = sourcecode.swift; path = Tickets.swift; sourceTree = "<group>"; };
		0677F73E2C29809000D9CBF9 /* TabData.swift */ = {isa = PBXFileReference; lastKnownFileType = sourcecode.swift; path = TabData.swift; sourceTree = "<group>"; };
		0677F7402C299CC400D9CBF9 /* CustomTabBar.swift */ = {isa = PBXFileReference; lastKnownFileType = sourcecode.swift; path = CustomTabBar.swift; sourceTree = "<group>"; };
		0677F7422C29A1CD00D9CBF9 /* HomeView.swift */ = {isa = PBXFileReference; lastKnownFileType = sourcecode.swift; path = HomeView.swift; sourceTree = "<group>"; };
		0677F7442C29A2B900D9CBF9 /* CustomSearchBar.swift */ = {isa = PBXFileReference; lastKnownFileType = sourcecode.swift; path = CustomSearchBar.swift; sourceTree = "<group>"; };
		0677F7462C29A40500D9CBF9 /* ScrollSection.swift */ = {isa = PBXFileReference; lastKnownFileType = sourcecode.swift; path = ScrollSection.swift; sourceTree = "<group>"; };
		0677F7482C29A68300D9CBF9 /* BookingView.swift */ = {isa = PBXFileReference; lastKnownFileType = sourcecode.swift; path = BookingView.swift; sourceTree = "<group>"; };
		0677F74A2C29AE0100D9CBF9 /* SeatsView.swift */ = {isa = PBXFileReference; lastKnownFileType = sourcecode.swift; path = SeatsView.swift; sourceTree = "<group>"; };
/* End PBXFileReference section */

/* Begin PBXFrameworksBuildPhase section */
		0677F70B2C2923B700D9CBF9 /* Frameworks */ = {
			isa = PBXFrameworksBuildPhase;
			buildActionMask = 2147483647;
			files = (
			);
			runOnlyForDeploymentPostprocessing = 0;
		};
/* End PBXFrameworksBuildPhase section */

/* Begin PBXGroup section */
		0677F7052C2923B700D9CBF9 = {
			isa = PBXGroup;
			children = (
				0677F7102C2923B700D9CBF9 /* MovieBooking */,
				0677F70F2C2923B700D9CBF9 /* Products */,
			);
			sourceTree = "<group>";
		};
		0677F70F2C2923B700D9CBF9 /* Products */ = {
			isa = PBXGroup;
			children = (
				0677F70E2C2923B700D9CBF9 /* MovieBooking.app */,
			);
			name = Products;
			sourceTree = "<group>";
		};
		0677F7102C2923B700D9CBF9 /* MovieBooking */ = {
			isa = PBXGroup;
			children = (
				0677F7392C293C7100D9CBF9 /* Cards */,
				0677F71F2C2923D200D9CBF9 /* UI */,
				0677F7202C2923DA00D9CBF9 /* Data */,
				0677F7212C2923E200D9CBF9 /* Buttons */,
				0677F7362C29304900D9CBF9 /* Views */,
				0677F7112C2923B700D9CBF9 /* MovieBookingApp.swift */,
				0677F7132C2923B700D9CBF9 /* ContentView.swift */,
				0677F7152C2923BA00D9CBF9 /* Assets.xcassets */,
				0677F7172C2923BA00D9CBF9 /* Preview Content */,
				0677F7342C292F9400D9CBF9 /* utils.swift */,
			);
			path = MovieBooking;
			sourceTree = "<group>";
		};
		0677F7172C2923BA00D9CBF9 /* Preview Content */ = {
			isa = PBXGroup;
			children = (
				0677F7182C2923BA00D9CBF9 /* Preview Assets.xcassets */,
			);
			path = "Preview Content";
			sourceTree = "<group>";
		};
		0677F71F2C2923D200D9CBF9 /* UI */ = {
			isa = PBXGroup;
			children = (
				0677F7222C292C9D00D9CBF9 /* CircleBackground.swift */,
				0677F7242C292CC000D9CBF9 /* StatusUI.swift */,
				0677F7402C299CC400D9CBF9 /* CustomTabBar.swift */,
				0677F7442C29A2B900D9CBF9 /* CustomSearchBar.swift */,
				0677F7462C29A40500D9CBF9 /* ScrollSection.swift */,
			);
			path = UI;
			sourceTree = "<group>";
		};
		0677F7202C2923DA00D9CBF9 /* Data */ = {
			isa = PBXGroup;
			children = (
				0677F7262C292CF200D9CBF9 /* TicketData.swift */,
				0677F7282C292D0700D9CBF9 /* PosterData.swift */,
				0677F73E2C29809000D9CBF9 /* TabData.swift */,
			);
			path = Data;
			sourceTree = "<group>";
		};
		0677F7212C2923E200D9CBF9 /* Buttons */ = {
			isa = PBXGroup;
			children = (
				0677F72A2C292D2900D9CBF9 /* TimeButton.swift */,
				0677F72C2C292D5C00D9CBF9 /* DateButton.swift */,
				0677F72E2C292D7200D9CBF9 /* CircleButton.swift */,
				0677F7302C292D8A00D9CBF9 /* RoundButton.swift */,
				0677F7322C292F4000D9CBF9 /* LargeButton.swift */,
			);
			path = Buttons;
			sourceTree = "<group>";
		};
		0677F7362C29304900D9CBF9 /* Views */ = {
			isa = PBXGroup;
			children = (
				0677F7372C29306400D9CBF9 /* TicketView.swift */,
				0677F7422C29A1CD00D9CBF9 /* HomeView.swift */,
				0677F7482C29A68300D9CBF9 /* BookingView.swift */,
				0677F74A2C29AE0100D9CBF9 /* SeatsView.swift */,
			);
			path = Views;
			sourceTree = "<group>";
		};
		0677F7392C293C7100D9CBF9 /* Cards */ = {
			isa = PBXGroup;
			children = (
				0677F73A2C293C8200D9CBF9 /* Ticket.swift */,
				0677F73C2C2977ED00D9CBF9 /* Tickets.swift */,
			);
			path = Cards;
			sourceTree = "<group>";
		};
/* End PBXGroup section */

/* Begin PBXNativeTarget section */
		0677F70D2C2923B700D9CBF9 /* MovieBooking */ = {
			isa = PBXNativeTarget;
			buildConfigurationList = 0677F71C2C2923BA00D9CBF9 /* Build configuration list for PBXNativeTarget "MovieBooking" */;
			buildPhases = (
				0677F70A2C2923B700D9CBF9 /* Sources */,
				0677F70B2C2923B700D9CBF9 /* Frameworks */,
				0677F70C2C2923B700D9CBF9 /* Resources */,
			);
			buildRules = (
			);
			dependencies = (
			);
			name = MovieBooking;
			productName = MovieBooking;
			productReference = 0677F70E2C2923B700D9CBF9 /* MovieBooking.app */;
			productType = "com.apple.product-type.application";
		};
/* End PBXNativeTarget section */

/* Begin PBXProject section */
		0677F7062C2923B700D9CBF9 /* Project object */ = {
			isa = PBXProject;
			attributes = {
				BuildIndependentTargetsInParallel = 1;
				LastSwiftUpdateCheck = 1540;
				LastUpgradeCheck = 1540;
				TargetAttributes = {
					0677F70D2C2923B700D9CBF9 = {
						CreatedOnToolsVersion = 15.4;
					};
				};
			};
			buildConfigurationList = 0677F7092C2923B700D9CBF9 /* Build configuration list for PBXProject "MovieBooking" */;
			compatibilityVersion = "Xcode 14.0";
			developmentRegion = en;
			hasScannedForEncodings = 0;
			knownRegions = (
				en,
				Base,
			);
			mainGroup = 0677F7052C2923B700D9CBF9;
			productRefGroup = 0677F70F2C2923B700D9CBF9 /* Products */;
			projectDirPath = "";
			projectRoot = "";
			targets = (
				0677F70D2C2923B700D9CBF9 /* MovieBooking */,
			);
		};
/* End PBXProject section */

/* Begin PBXResourcesBuildPhase section */
		0677F70C2C2923B700D9CBF9 /* Resources */ = {
			isa = PBXResourcesBuildPhase;
			buildActionMask = 2147483647;
			files = (
				0677F7192C2923BA00D9CBF9 /* Preview Assets.xcassets in Resources */,
				0677F7162C2923BA00D9CBF9 /* Assets.xcassets in Resources */,
			);
			runOnlyForDeploymentPostprocessing = 0;
		};
/* End PBXResourcesBuildPhase section */

/* Begin PBXSourcesBuildPhase section */
		0677F70A2C2923B700D9CBF9 /* Sources */ = {
			isa = PBXSourcesBuildPhase;
			buildActionMask = 2147483647;
			files = (
				0677F7232C292C9D00D9CBF9 /* CircleBackground.swift in Sources */,
				0677F7382C29306400D9CBF9 /* TicketView.swift in Sources */,
				0677F7472C29A40500D9CBF9 /* ScrollSection.swift in Sources */,
				0677F7332C292F4000D9CBF9 /* LargeButton.swift in Sources */,
				0677F7142C2923B700D9CBF9 /* ContentView.swift in Sources */,
				0677F73D2C2977ED00D9CBF9 /* Tickets.swift in Sources */,
				0677F7352C292F9400D9CBF9 /* utils.swift in Sources */,
				0677F73B2C293C8200D9CBF9 /* Ticket.swift in Sources */,
				0677F7292C292D0700D9CBF9 /* PosterData.swift in Sources */,
				0677F7492C29A68300D9CBF9 /* BookingView.swift in Sources */,
				0677F7412C299CC400D9CBF9 /* CustomTabBar.swift in Sources */,
				0677F7432C29A1CD00D9CBF9 /* HomeView.swift in Sources */,
				0677F72F2C292D7200D9CBF9 /* CircleButton.swift in Sources */,
				0677F7452C29A2B900D9CBF9 /* CustomSearchBar.swift in Sources */,
				0677F73F2C29809000D9CBF9 /* TabData.swift in Sources */,
				0677F7122C2923B700D9CBF9 /* MovieBookingApp.swift in Sources */,
				0677F72B2C292D2900D9CBF9 /* TimeButton.swift in Sources */,
				0677F74B2C29AE0100D9CBF9 /* SeatsView.swift in Sources */,
				0677F7312C292D8A00D9CBF9 /* RoundButton.swift in Sources */,
				0677F72D2C292D5C00D9CBF9 /* DateButton.swift in Sources */,
				0677F7252C292CC000D9CBF9 /* StatusUI.swift in Sources */,
				0677F7272C292CF200D9CBF9 /* TicketData.swift in Sources */,
			);
			runOnlyForDeploymentPostprocessing = 0;
		};
/* End PBXSourcesBuildPhase section */

/* Begin XCBuildConfiguration section */
		0677F71A2C2923BA00D9CBF9 /* Debug */ = {
			isa = XCBuildConfiguration;
			buildSettings = {
				ALWAYS_SEARCH_USER_PATHS = NO;
				ASSETCATALOG_COMPILER_GENERATE_SWIFT_ASSET_SYMBOL_EXTENSIONS = YES;
				CLANG_ANALYZER_NONNULL = YES;
				CLANG_ANALYZER_NUMBER_OBJECT_CONVERSION = YES_AGGRESSIVE;
				CLANG_CXX_LANGUAGE_STANDARD = "gnu++20";
				CLANG_ENABLE_MODULES = YES;
				CLANG_ENABLE_OBJC_ARC = YES;
				CLANG_ENABLE_OBJC_WEAK = YES;
				CLANG_WARN_BLOCK_CAPTURE_AUTORELEASING = YES;
				CLANG_WARN_BOOL_CONVERSION = YES;
				CLANG_WARN_COMMA = YES;
				CLANG_WARN_CONSTANT_CONVERSION = YES;
				CLANG_WARN_DEPRECATED_OBJC_IMPLEMENTATIONS = YES;
				CLANG_WARN_DIRECT_OBJC_ISA_USAGE = YES_ERROR;
				CLANG_WARN_DOCUMENTATION_COMMENTS = YES;
				CLANG_WARN_EMPTY_BODY = YES;
				CLANG_WARN_ENUM_CONVERSION = YES;
				CLANG_WARN_INFINITE_RECURSION = YES;
				CLANG_WARN_INT_CONVERSION = YES;
				CLANG_WARN_NON_LITERAL_NULL_CONVERSION = YES;
				CLANG_WARN_OBJC_IMPLICIT_RETAIN_SELF = YES;
				CLANG_WARN_OBJC_LITERAL_CONVERSION = YES;
				CLANG_WARN_OBJC_ROOT_CLASS = YES_ERROR;
				CLANG_WARN_QUOTED_INCLUDE_IN_FRAMEWORK_HEADER = YES;
				CLANG_WARN_RANGE_LOOP_ANALYSIS = YES;
				CLANG_WARN_STRICT_PROTOTYPES = YES;
				CLANG_WARN_SUSPICIOUS_MOVE = YES;
				CLANG_WARN_UNGUARDED_AVAILABILITY = YES_AGGRESSIVE;
				CLANG_WARN_UNREACHABLE_CODE = YES;
				CLANG_WARN__DUPLICATE_METHOD_MATCH = YES;
				COPY_PHASE_STRIP = NO;
				DEBUG_INFORMATION_FORMAT = dwarf;
				ENABLE_STRICT_OBJC_MSGSEND = YES;
				ENABLE_TESTABILITY = YES;
				ENABLE_USER_SCRIPT_SANDBOXING = YES;
				GCC_C_LANGUAGE_STANDARD = gnu17;
				GCC_DYNAMIC_NO_PIC = NO;
				GCC_NO_COMMON_BLOCKS = YES;
				GCC_OPTIMIZATION_LEVEL = 0;
				GCC_PREPROCESSOR_DEFINITIONS = (
					"DEBUG=1",
					"$(inherited)",
				);
				GCC_WARN_64_TO_32_BIT_CONVERSION = YES;
				GCC_WARN_ABOUT_RETURN_TYPE = YES_ERROR;
				GCC_WARN_UNDECLARED_SELECTOR = YES;
				GCC_WARN_UNINITIALIZED_AUTOS = YES_AGGRESSIVE;
				GCC_WARN_UNUSED_FUNCTION = YES;
				GCC_WARN_UNUSED_VARIABLE = YES;
				IPHONEOS_DEPLOYMENT_TARGET = 17.5;
				LOCALIZATION_PREFERS_STRING_CATALOGS = YES;
				MTL_ENABLE_DEBUG_INFO = INCLUDE_SOURCE;
				MTL_FAST_MATH = YES;
				ONLY_ACTIVE_ARCH = YES;
				SDKROOT = iphoneos;
				SWIFT_ACTIVE_COMPILATION_CONDITIONS = "DEBUG $(inherited)";
				SWIFT_OPTIMIZATION_LEVEL = "-Onone";
			};
			name = Debug;
		};
		0677F71B2C2923BA00D9CBF9 /* Release */ = {
			isa = XCBuildConfiguration;
			buildSettings = {
				ALWAYS_SEARCH_USER_PATHS = NO;
				ASSETCATALOG_COMPILER_GENERATE_SWIFT_ASSET_SYMBOL_EXTENSIONS = YES;
				CLANG_ANALYZER_NONNULL = YES;
				CLANG_ANALYZER_NUMBER_OBJECT_CONVERSION = YES_AGGRESSIVE;
				CLANG_CXX_LANGUAGE_STANDARD = "gnu++20";
				CLANG_ENABLE_MODULES = YES;
				CLANG_ENABLE_OBJC_ARC = YES;
				CLANG_ENABLE_OBJC_WEAK = YES;
				CLANG_WARN_BLOCK_CAPTURE_AUTORELEASING = YES;
				CLANG_WARN_BOOL_CONVERSION = YES;
				CLANG_WARN_COMMA = YES;
				CLANG_WARN_CONSTANT_CONVERSION = YES;
				CLANG_WARN_DEPRECATED_OBJC_IMPLEMENTATIONS = YES;
				CLANG_WARN_DIRECT_OBJC_ISA_USAGE = YES_ERROR;
				CLANG_WARN_DOCUMENTATION_COMMENTS = YES;
				CLANG_WARN_EMPTY_BODY = YES;
				CLANG_WARN_ENUM_CONVERSION = YES;
				CLANG_WARN_INFINITE_RECURSION = YES;
				CLANG_WARN_INT_CONVERSION = YES;
				CLANG_WARN_NON_LITERAL_NULL_CONVERSION = YES;
				CLANG_WARN_OBJC_IMPLICIT_RETAIN_SELF = YES;
				CLANG_WARN_OBJC_LITERAL_CONVERSION = YES;
				CLANG_WARN_OBJC_ROOT_CLASS = YES_ERROR;
				CLANG_WARN_QUOTED_INCLUDE_IN_FRAMEWORK_HEADER = YES;
				CLANG_WARN_RANGE_LOOP_ANALYSIS = YES;
				CLANG_WARN_STRICT_PROTOTYPES = YES;
				CLANG_WARN_SUSPICIOUS_MOVE = YES;
				CLANG_WARN_UNGUARDED_AVAILABILITY = YES_AGGRESSIVE;
				CLANG_WARN_UNREACHABLE_CODE = YES;
				CLANG_WARN__DUPLICATE_METHOD_MATCH = YES;
				COPY_PHASE_STRIP = NO;
				DEBUG_INFORMATION_FORMAT = "dwarf-with-dsym";
				ENABLE_NS_ASSERTIONS = NO;
				ENABLE_STRICT_OBJC_MSGSEND = YES;
				ENABLE_USER_SCRIPT_SANDBOXING = YES;
				GCC_C_LANGUAGE_STANDARD = gnu17;
				GCC_NO_COMMON_BLOCKS = YES;
				GCC_WARN_64_TO_32_BIT_CONVERSION = YES;
				GCC_WARN_ABOUT_RETURN_TYPE = YES_ERROR;
				GCC_WARN_UNDECLARED_SELECTOR = YES;
				GCC_WARN_UNINITIALIZED_AUTOS = YES_AGGRESSIVE;
				GCC_WARN_UNUSED_FUNCTION = YES;
				GCC_WARN_UNUSED_VARIABLE = YES;
				IPHONEOS_DEPLOYMENT_TARGET = 17.5;
				LOCALIZATION_PREFERS_STRING_CATALOGS = YES;
				MTL_ENABLE_DEBUG_INFO = NO;
				MTL_FAST_MATH = YES;
				SDKROOT = iphoneos;
				SWIFT_COMPILATION_MODE = wholemodule;
				VALIDATE_PRODUCT = YES;
			};
			name = Release;
		};
		0677F71D2C2923BA00D9CBF9 /* Debug */ = {
			isa = XCBuildConfiguration;
			buildSettings = {
				ASSETCATALOG_COMPILER_APPICON_NAME = AppIcon;
				ASSETCATALOG_COMPILER_GLOBAL_ACCENT_COLOR_NAME = AccentColor;
				CODE_SIGN_STYLE = Automatic;
				CURRENT_PROJECT_VERSION = 1;
				DEVELOPMENT_ASSET_PATHS = "\"MovieBooking/Preview Content\"";
				DEVELOPMENT_TEAM = 2RBPB56LGH;
				ENABLE_PREVIEWS = YES;
				GENERATE_INFOPLIST_FILE = YES;
				INFOPLIST_KEY_UIApplicationSceneManifest_Generation = YES;
				INFOPLIST_KEY_UIApplicationSupportsIndirectInputEvents = YES;
				INFOPLIST_KEY_UILaunchScreen_Generation = YES;
				INFOPLIST_KEY_UISupportedInterfaceOrientations_iPad = "UIInterfaceOrientationPortrait UIInterfaceOrientationPortraitUpsideDown UIInterfaceOrientationLandscapeLeft UIInterfaceOrientationLandscapeRight";
				INFOPLIST_KEY_UISupportedInterfaceOrientations_iPhone = "UIInterfaceOrientationPortrait UIInterfaceOrientationLandscapeLeft UIInterfaceOrientationLandscapeRight";
				LD_RUNPATH_SEARCH_PATHS = (
					"$(inherited)",
					"@executable_path/Frameworks",
				);
				MARKETING_VERSION = 1.0;
				PRODUCT_BUNDLE_IDENTIFIER = com.hananfarizta.MovieBooking;
				PRODUCT_NAME = "$(TARGET_NAME)";
				SWIFT_EMIT_LOC_STRINGS = YES;
				SWIFT_VERSION = 5.0;
				TARGETED_DEVICE_FAMILY = "1,2";
			};
			name = Debug;
		};
		0677F71E2C2923BA00D9CBF9 /* Release */ = {
			isa = XCBuildConfiguration;
			buildSettings = {
				ASSETCATALOG_COMPILER_APPICON_NAME = AppIcon;
				ASSETCATALOG_COMPILER_GLOBAL_ACCENT_COLOR_NAME = AccentColor;
				CODE_SIGN_STYLE = Automatic;
				CURRENT_PROJECT_VERSION = 1;
				DEVELOPMENT_ASSET_PATHS = "\"MovieBooking/Preview Content\"";
				DEVELOPMENT_TEAM = 2RBPB56LGH;
				ENABLE_PREVIEWS = YES;
				GENERATE_INFOPLIST_FILE = YES;
				INFOPLIST_KEY_UIApplicationSceneManifest_Generation = YES;
				INFOPLIST_KEY_UIApplicationSupportsIndirectInputEvents = YES;
				INFOPLIST_KEY_UILaunchScreen_Generation = YES;
				INFOPLIST_KEY_UISupportedInterfaceOrientations_iPad = "UIInterfaceOrientationPortrait UIInterfaceOrientationPortraitUpsideDown UIInterfaceOrientationLandscapeLeft UIInterfaceOrientationLandscapeRight";
				INFOPLIST_KEY_UISupportedInterfaceOrientations_iPhone = "UIInterfaceOrientationPortrait UIInterfaceOrientationLandscapeLeft UIInterfaceOrientationLandscapeRight";
				LD_RUNPATH_SEARCH_PATHS = (
					"$(inherited)",
					"@executable_path/Frameworks",
				);
				MARKETING_VERSION = 1.0;
				PRODUCT_BUNDLE_IDENTIFIER = com.hananfarizta.MovieBooking;
				PRODUCT_NAME = "$(TARGET_NAME)";
				SWIFT_EMIT_LOC_STRINGS = YES;
				SWIFT_VERSION = 5.0;
				TARGETED_DEVICE_FAMILY = "1,2";
			};
			name = Release;
		};
/* End XCBuildConfiguration section */

/* Begin XCConfigurationList section */
		0677F7092C2923B700D9CBF9 /* Build configuration list for PBXProject "MovieBooking" */ = {
			isa = XCConfigurationList;
			buildConfigurations = (
				0677F71A2C2923BA00D9CBF9 /* Debug */,
				0677F71B2C2923BA00D9CBF9 /* Release */,
			);
			defaultConfigurationIsVisible = 0;
			defaultConfigurationName = Release;
		};
		0677F71C2C2923BA00D9CBF9 /* Build configuration list for PBXNativeTarget "MovieBooking" */ = {
			isa = XCConfigurationList;
			buildConfigurations = (
				0677F71D2C2923BA00D9CBF9 /* Debug */,
				0677F71E2C2923BA00D9CBF9 /* Release */,
			);
			defaultConfigurationIsVisible = 0;
			defaultConfigurationName = Release;
		};
/* End XCConfigurationList section */
	};
	rootObject = 0677F7062C2923B700D9CBF9 /* Project object */;
}
